// !$*UTF8*$!
{
	archiveVersion = 1;
	classes = {
	};
	objectVersion = 56;
	objects = {

/* Begin PBXBuildFile section */
		A411423A29A7D84F00CB710F /* AddReviewTests.swift in Sources */ = {isa = PBXBuildFile; fileRef = A411423929A7D84F00CB710F /* AddReviewTests.swift */; };
		A411423C29A7D9F500CB710F /* RemoveReviewRequestFactory.swift in Sources */ = {isa = PBXBuildFile; fileRef = A411423B29A7D9F500CB710F /* RemoveReviewRequestFactory.swift */; };
		A411423E29A7DA0200CB710F /* RemoveReview.swift in Sources */ = {isa = PBXBuildFile; fileRef = A411423D29A7DA0200CB710F /* RemoveReview.swift */; };
		A411424029A7DB9900CB710F /* RemoveReviewTests.swift in Sources */ = {isa = PBXBuildFile; fileRef = A411423F29A7DB9900CB710F /* RemoveReviewTests.swift */; };
		A411424229A7DC5A00CB710F /* GetReviewList.swift in Sources */ = {isa = PBXBuildFile; fileRef = A411424129A7DC5A00CB710F /* GetReviewList.swift */; };
		A411424429A7DC6C00CB710F /* GetReviewListRequestFactory.swift in Sources */ = {isa = PBXBuildFile; fileRef = A411424329A7DC6C00CB710F /* GetReviewListRequestFactory.swift */; };
		A411424629A7DE3600CB710F /* GetReviewListTests.swift in Sources */ = {isa = PBXBuildFile; fileRef = A411424529A7DE3600CB710F /* GetReviewListTests.swift */; };
		A42B701029AD115700DB9AB6 /* ChangeUserDataModel.swift in Sources */ = {isa = PBXBuildFile; fileRef = A42B700F29AD115700DB9AB6 /* ChangeUserDataModel.swift */; };
		A42B701229AD129D00DB9AB6 /* RegisterUserModel.swift in Sources */ = {isa = PBXBuildFile; fileRef = A42B701129AD129D00DB9AB6 /* RegisterUserModel.swift */; };
		A42B701429ADFE2D00DB9AB6 /* Product.swift in Sources */ = {isa = PBXBuildFile; fileRef = A42B701329ADFE2D00DB9AB6 /* Product.swift */; };
		A42B701629ADFE5300DB9AB6 /* PayBasketResult.swift in Sources */ = {isa = PBXBuildFile; fileRef = A42B701529ADFE5300DB9AB6 /* PayBasketResult.swift */; };
		A42B701829ADFED900DB9AB6 /* AddToBasketResult.swift in Sources */ = {isa = PBXBuildFile; fileRef = A42B701729ADFED900DB9AB6 /* AddToBasketResult.swift */; };
		A42B701A29ADFF1000DB9AB6 /* DeleteFromBasketResult.swift in Sources */ = {isa = PBXBuildFile; fileRef = A42B701929ADFF1000DB9AB6 /* DeleteFromBasketResult.swift */; };
		A42B701F29ADFF8F00DB9AB6 /* AddToBasketRequestFactory.swift in Sources */ = {isa = PBXBuildFile; fileRef = A42B701E29ADFF8F00DB9AB6 /* AddToBasketRequestFactory.swift */; };
		A42B702129ADFFEB00DB9AB6 /* AddToBasket.swift in Sources */ = {isa = PBXBuildFile; fileRef = A42B702029ADFFEB00DB9AB6 /* AddToBasket.swift */; };
		A42B702329AE02A300DB9AB6 /* DeleteFromBasketRequestFactory.swift in Sources */ = {isa = PBXBuildFile; fileRef = A42B702229AE02A300DB9AB6 /* DeleteFromBasketRequestFactory.swift */; };
		A42B702529AE03E800DB9AB6 /* DeleteFromBasket.swift in Sources */ = {isa = PBXBuildFile; fileRef = A42B702429AE03E800DB9AB6 /* DeleteFromBasket.swift */; };
		A42B702729AE05A100DB9AB6 /* PayBasketRequestFactory.swift in Sources */ = {isa = PBXBuildFile; fileRef = A42B702629AE05A100DB9AB6 /* PayBasketRequestFactory.swift */; };
		A42B702929AE063D00DB9AB6 /* PayBasket.swift in Sources */ = {isa = PBXBuildFile; fileRef = A42B702829AE063D00DB9AB6 /* PayBasket.swift */; };
		A42B702B29AE082D00DB9AB6 /* AddToBasketTests.swift in Sources */ = {isa = PBXBuildFile; fileRef = A42B702A29AE082C00DB9AB6 /* AddToBasketTests.swift */; };
		A42B702D29AE0B0200DB9AB6 /* DeleteFromBasketTests.swift in Sources */ = {isa = PBXBuildFile; fileRef = A42B702C29AE0B0200DB9AB6 /* DeleteFromBasketTests.swift */; };
		A42B702F29AE0BB100DB9AB6 /* PayBasketTests.swift in Sources */ = {isa = PBXBuildFile; fileRef = A42B702E29AE0BB100DB9AB6 /* PayBasketTests.swift */; };
		A44CF90D299B83D30096691B /* ResponseCodableTests.swift in Sources */ = {isa = PBXBuildFile; fileRef = A44CF90C299B83D30096691B /* ResponseCodableTests.swift */; };
		A497C816299D4A00003FD0F6 /* DeauthTests.swift in Sources */ = {isa = PBXBuildFile; fileRef = A497C815299D4A00003FD0F6 /* DeauthTests.swift */; };
		A497C818299D4A0D003FD0F6 /* RegTests.swift in Sources */ = {isa = PBXBuildFile; fileRef = A497C817299D4A0D003FD0F6 /* RegTests.swift */; };
		A497C81A299D4A1D003FD0F6 /* EditProfileTests.swift in Sources */ = {isa = PBXBuildFile; fileRef = A497C819299D4A1D003FD0F6 /* EditProfileTests.swift */; };
		A497C81E299D6576003FD0F6 /* GetGoodsListRequestFactory.swift in Sources */ = {isa = PBXBuildFile; fileRef = A497C81D299D6576003FD0F6 /* GetGoodsListRequestFactory.swift */; };
		A497C820299D663E003FD0F6 /* CatalogDataResult.swift in Sources */ = {isa = PBXBuildFile; fileRef = A497C81F299D663D003FD0F6 /* CatalogDataResult.swift */; };
		A497C822299D6734003FD0F6 /* GetGoodsList.swift in Sources */ = {isa = PBXBuildFile; fileRef = A497C821299D6734003FD0F6 /* GetGoodsList.swift */; };
		A497C824299D6952003FD0F6 /* GetGoodRequestFactory.swift in Sources */ = {isa = PBXBuildFile; fileRef = A497C823299D6952003FD0F6 /* GetGoodRequestFactory.swift */; };
		A497C826299D6963003FD0F6 /* GetGood.swift in Sources */ = {isa = PBXBuildFile; fileRef = A497C825299D6963003FD0F6 /* GetGood.swift */; };
		A497C828299D6A14003FD0F6 /* GetGoodByIdResult.swift in Sources */ = {isa = PBXBuildFile; fileRef = A497C827299D6A14003FD0F6 /* GetGoodByIdResult.swift */; };
		A497C82A299D6F68003FD0F6 /* GetGoodsListTests.swift in Sources */ = {isa = PBXBuildFile; fileRef = A497C829299D6F68003FD0F6 /* GetGoodsListTests.swift */; };
		A497C82C299D6F74003FD0F6 /* GetGoodTests.swift in Sources */ = {isa = PBXBuildFile; fileRef = A497C82B299D6F74003FD0F6 /* GetGoodTests.swift */; };
		A4A95D5E29A7A5BD009DC736 /* AddReviewResult.swift in Sources */ = {isa = PBXBuildFile; fileRef = A4A95D5D29A7A5BD009DC736 /* AddReviewResult.swift */; };
		A4A95D6029A7AF16009DC736 /* RemoveReviewResult.swift in Sources */ = {isa = PBXBuildFile; fileRef = A4A95D5F29A7AF16009DC736 /* RemoveReviewResult.swift */; };
		A4A95D6229A7AF45009DC736 /* ReviewListResult.swift in Sources */ = {isa = PBXBuildFile; fileRef = A4A95D6129A7AF45009DC736 /* ReviewListResult.swift */; };
		A4A95D6729A7D487009DC736 /* AddReviewRequestFactory.swift in Sources */ = {isa = PBXBuildFile; fileRef = A4A95D6629A7D487009DC736 /* AddReviewRequestFactory.swift */; };
		A4A95D6929A7D4E7009DC736 /* AddReview.swift in Sources */ = {isa = PBXBuildFile; fileRef = A4A95D6829A7D4E7009DC736 /* AddReview.swift */; };
		A4AF0F062992D7AD00882F7B /* AppDelegate.swift in Sources */ = {isa = PBXBuildFile; fileRef = A4AF0F052992D7AD00882F7B /* AppDelegate.swift */; };
		A4AF0F082992D7AD00882F7B /* SceneDelegate.swift in Sources */ = {isa = PBXBuildFile; fileRef = A4AF0F072992D7AD00882F7B /* SceneDelegate.swift */; };
		A4AF0F0F2992D7AF00882F7B /* Assets.xcassets in Resources */ = {isa = PBXBuildFile; fileRef = A4AF0F0E2992D7AF00882F7B /* Assets.xcassets */; };
		A4AF0F122992D7AF00882F7B /* LaunchScreen.storyboard in Resources */ = {isa = PBXBuildFile; fileRef = A4AF0F102992D7AF00882F7B /* LaunchScreen.storyboard */; };
		A4AF0F272992D7AF00882F7B /* OnlineShopUITests.swift in Sources */ = {isa = PBXBuildFile; fileRef = A4AF0F262992D7AF00882F7B /* OnlineShopUITests.swift */; };
		A4AF0F292992D7AF00882F7B /* OnlineShopUITestsLaunchTests.swift in Sources */ = {isa = PBXBuildFile; fileRef = A4AF0F282992D7AF00882F7B /* OnlineShopUITestsLaunchTests.swift */; };
		A4B49F9329975A9E0072913C /* Deauth.swift in Sources */ = {isa = PBXBuildFile; fileRef = A4B49F9229975A9E0072913C /* Deauth.swift */; };
		A4B6D388299D417900BB156A /* AuthTests.swift in Sources */ = {isa = PBXBuildFile; fileRef = A4B6D387299D417900BB156A /* AuthTests.swift */; };
		A4C0FCB92992E380006F02DF /* MainViewController.swift in Sources */ = {isa = PBXBuildFile; fileRef = A4C0FCB82992E380006F02DF /* MainViewController.swift */; };
		A4E9E64029979600007F9DFE /* RegRequestFactory.swift in Sources */ = {isa = PBXBuildFile; fileRef = A4E9E63F29979600007F9DFE /* RegRequestFactory.swift */; };
		A4E9E64229979750007F9DFE /* RegisterUserResult.swift in Sources */ = {isa = PBXBuildFile; fileRef = A4E9E64129979750007F9DFE /* RegisterUserResult.swift */; };
		A4E9E644299797F7007F9DFE /* Reg.swift in Sources */ = {isa = PBXBuildFile; fileRef = A4E9E643299797F7007F9DFE /* Reg.swift */; };
		A4E9E64729979F73007F9DFE /* EditProfileRequestFactory.swift in Sources */ = {isa = PBXBuildFile; fileRef = A4E9E64629979F73007F9DFE /* EditProfileRequestFactory.swift */; };
		A4E9E6492997A07C007F9DFE /* ChangeUserDataResult.swift in Sources */ = {isa = PBXBuildFile; fileRef = A4E9E6482997A07C007F9DFE /* ChangeUserDataResult.swift */; };
		A4E9E64B2997A0CC007F9DFE /* EditProfile.swift in Sources */ = {isa = PBXBuildFile; fileRef = A4E9E64A2997A0CC007F9DFE /* EditProfile.swift */; };
		A4F675282996449300B0F5B7 /* AbstractErrorParser.swift in Sources */ = {isa = PBXBuildFile; fileRef = A4F675272996449300B0F5B7 /* AbstractErrorParser.swift */; };
		A4F6752A2996451700B0F5B7 /* ErrorParser.swift in Sources */ = {isa = PBXBuildFile; fileRef = A4F675292996451700B0F5B7 /* ErrorParser.swift */; };
		A4F6752C2996469D00B0F5B7 /* DataRequest.swift in Sources */ = {isa = PBXBuildFile; fileRef = A4F6752B2996469D00B0F5B7 /* DataRequest.swift */; };
		A4F6752F2996474900B0F5B7 /* Alamofire in Frameworks */ = {isa = PBXBuildFile; productRef = A4F6752E2996474900B0F5B7 /* Alamofire */; };
		A4F67531299651BC00B0F5B7 /* AbstractRequestFactory.swift in Sources */ = {isa = PBXBuildFile; fileRef = A4F67530299651BC00B0F5B7 /* AbstractRequestFactory.swift */; };
		A4F675332996681500B0F5B7 /* RequestRouter.swift in Sources */ = {isa = PBXBuildFile; fileRef = A4F675322996681500B0F5B7 /* RequestRouter.swift */; };
		A4F675352996703800B0F5B7 /* LoginResult.swift in Sources */ = {isa = PBXBuildFile; fileRef = A4F675342996703800B0F5B7 /* LoginResult.swift */; };
		A4F6753A299672D300B0F5B7 /* AuthRequestFactory.swift in Sources */ = {isa = PBXBuildFile; fileRef = A4F67539299672D300B0F5B7 /* AuthRequestFactory.swift */; };
		A4F6753C2996741800B0F5B7 /* Auth.swift in Sources */ = {isa = PBXBuildFile; fileRef = A4F6753B2996741800B0F5B7 /* Auth.swift */; };
		A4F6753E2996A84A00B0F5B7 /* RequestFactory.swift in Sources */ = {isa = PBXBuildFile; fileRef = A4F6753D2996A84A00B0F5B7 /* RequestFactory.swift */; };
		A4F675422996B7BA00B0F5B7 /* DeauthRequestFactory.swift in Sources */ = {isa = PBXBuildFile; fileRef = A4F675412996B7BA00B0F5B7 /* DeauthRequestFactory.swift */; };
		A4F675442996B87E00B0F5B7 /* LogoutResult.swift in Sources */ = {isa = PBXBuildFile; fileRef = A4F675432996B87E00B0F5B7 /* LogoutResult.swift */; };
/* End PBXBuildFile section */

/* Begin PBXContainerItemProxy section */
		A4AF0F192992D7AF00882F7B /* PBXContainerItemProxy */ = {
			isa = PBXContainerItemProxy;
			containerPortal = A4AF0EFA2992D7AD00882F7B /* Project object */;
			proxyType = 1;
			remoteGlobalIDString = A4AF0F012992D7AD00882F7B;
			remoteInfo = GBShop;
		};
		A4AF0F232992D7AF00882F7B /* PBXContainerItemProxy */ = {
			isa = PBXContainerItemProxy;
			containerPortal = A4AF0EFA2992D7AD00882F7B /* Project object */;
			proxyType = 1;
			remoteGlobalIDString = A4AF0F012992D7AD00882F7B;
			remoteInfo = GBShop;
		};
/* End PBXContainerItemProxy section */

/* Begin PBXFileReference section */
		A411423929A7D84F00CB710F /* AddReviewTests.swift */ = {isa = PBXFileReference; lastKnownFileType = sourcecode.swift; path = AddReviewTests.swift; sourceTree = "<group>"; };
		A411423B29A7D9F500CB710F /* RemoveReviewRequestFactory.swift */ = {isa = PBXFileReference; lastKnownFileType = sourcecode.swift; path = RemoveReviewRequestFactory.swift; sourceTree = "<group>"; };
		A411423D29A7DA0200CB710F /* RemoveReview.swift */ = {isa = PBXFileReference; lastKnownFileType = sourcecode.swift; path = RemoveReview.swift; sourceTree = "<group>"; };
		A411423F29A7DB9900CB710F /* RemoveReviewTests.swift */ = {isa = PBXFileReference; lastKnownFileType = sourcecode.swift; path = RemoveReviewTests.swift; sourceTree = "<group>"; };
		A411424129A7DC5A00CB710F /* GetReviewList.swift */ = {isa = PBXFileReference; lastKnownFileType = sourcecode.swift; path = GetReviewList.swift; sourceTree = "<group>"; };
		A411424329A7DC6C00CB710F /* GetReviewListRequestFactory.swift */ = {isa = PBXFileReference; lastKnownFileType = sourcecode.swift; path = GetReviewListRequestFactory.swift; sourceTree = "<group>"; };
		A411424529A7DE3600CB710F /* GetReviewListTests.swift */ = {isa = PBXFileReference; lastKnownFileType = sourcecode.swift; path = GetReviewListTests.swift; sourceTree = "<group>"; };
		A42B700F29AD115700DB9AB6 /* ChangeUserDataModel.swift */ = {isa = PBXFileReference; lastKnownFileType = sourcecode.swift; path = ChangeUserDataModel.swift; sourceTree = "<group>"; };
		A42B701129AD129D00DB9AB6 /* RegisterUserModel.swift */ = {isa = PBXFileReference; lastKnownFileType = sourcecode.swift; path = RegisterUserModel.swift; sourceTree = "<group>"; };
		A42B701329ADFE2D00DB9AB6 /* Product.swift */ = {isa = PBXFileReference; lastKnownFileType = sourcecode.swift; path = Product.swift; sourceTree = "<group>"; };
		A42B701529ADFE5300DB9AB6 /* PayBasketResult.swift */ = {isa = PBXFileReference; lastKnownFileType = sourcecode.swift; path = PayBasketResult.swift; sourceTree = "<group>"; };
		A42B701729ADFED900DB9AB6 /* AddToBasketResult.swift */ = {isa = PBXFileReference; lastKnownFileType = sourcecode.swift; path = AddToBasketResult.swift; sourceTree = "<group>"; };
		A42B701929ADFF1000DB9AB6 /* DeleteFromBasketResult.swift */ = {isa = PBXFileReference; lastKnownFileType = sourcecode.swift; path = DeleteFromBasketResult.swift; sourceTree = "<group>"; };
		A42B701E29ADFF8F00DB9AB6 /* AddToBasketRequestFactory.swift */ = {isa = PBXFileReference; lastKnownFileType = sourcecode.swift; path = AddToBasketRequestFactory.swift; sourceTree = "<group>"; };
		A42B702029ADFFEB00DB9AB6 /* AddToBasket.swift */ = {isa = PBXFileReference; lastKnownFileType = sourcecode.swift; path = AddToBasket.swift; sourceTree = "<group>"; };
		A42B702229AE02A300DB9AB6 /* DeleteFromBasketRequestFactory.swift */ = {isa = PBXFileReference; lastKnownFileType = sourcecode.swift; path = DeleteFromBasketRequestFactory.swift; sourceTree = "<group>"; };
		A42B702429AE03E800DB9AB6 /* DeleteFromBasket.swift */ = {isa = PBXFileReference; lastKnownFileType = sourcecode.swift; path = DeleteFromBasket.swift; sourceTree = "<group>"; };
		A42B702629AE05A100DB9AB6 /* PayBasketRequestFactory.swift */ = {isa = PBXFileReference; lastKnownFileType = sourcecode.swift; path = PayBasketRequestFactory.swift; sourceTree = "<group>"; };
		A42B702829AE063D00DB9AB6 /* PayBasket.swift */ = {isa = PBXFileReference; lastKnownFileType = sourcecode.swift; path = PayBasket.swift; sourceTree = "<group>"; };
		A42B702A29AE082C00DB9AB6 /* AddToBasketTests.swift */ = {isa = PBXFileReference; lastKnownFileType = sourcecode.swift; path = AddToBasketTests.swift; sourceTree = "<group>"; };
		A42B702C29AE0B0200DB9AB6 /* DeleteFromBasketTests.swift */ = {isa = PBXFileReference; lastKnownFileType = sourcecode.swift; path = DeleteFromBasketTests.swift; sourceTree = "<group>"; };
		A42B702E29AE0BB100DB9AB6 /* PayBasketTests.swift */ = {isa = PBXFileReference; lastKnownFileType = sourcecode.swift; path = PayBasketTests.swift; sourceTree = "<group>"; };
		A44CF90C299B83D30096691B /* ResponseCodableTests.swift */ = {isa = PBXFileReference; lastKnownFileType = sourcecode.swift; path = ResponseCodableTests.swift; sourceTree = "<group>"; };
		A497C815299D4A00003FD0F6 /* DeauthTests.swift */ = {isa = PBXFileReference; lastKnownFileType = sourcecode.swift; path = DeauthTests.swift; sourceTree = "<group>"; };
		A497C817299D4A0D003FD0F6 /* RegTests.swift */ = {isa = PBXFileReference; lastKnownFileType = sourcecode.swift; path = RegTests.swift; sourceTree = "<group>"; };
		A497C819299D4A1D003FD0F6 /* EditProfileTests.swift */ = {isa = PBXFileReference; lastKnownFileType = sourcecode.swift; path = EditProfileTests.swift; sourceTree = "<group>"; };
		A497C81D299D6576003FD0F6 /* GetGoodsListRequestFactory.swift */ = {isa = PBXFileReference; lastKnownFileType = sourcecode.swift; path = GetGoodsListRequestFactory.swift; sourceTree = "<group>"; };
		A497C81F299D663D003FD0F6 /* CatalogDataResult.swift */ = {isa = PBXFileReference; lastKnownFileType = sourcecode.swift; path = CatalogDataResult.swift; sourceTree = "<group>"; };
		A497C821299D6734003FD0F6 /* GetGoodsList.swift */ = {isa = PBXFileReference; lastKnownFileType = sourcecode.swift; path = GetGoodsList.swift; sourceTree = "<group>"; };
		A497C823299D6952003FD0F6 /* GetGoodRequestFactory.swift */ = {isa = PBXFileReference; lastKnownFileType = sourcecode.swift; path = GetGoodRequestFactory.swift; sourceTree = "<group>"; };
		A497C825299D6963003FD0F6 /* GetGood.swift */ = {isa = PBXFileReference; lastKnownFileType = sourcecode.swift; path = GetGood.swift; sourceTree = "<group>"; };
		A497C827299D6A14003FD0F6 /* GetGoodByIdResult.swift */ = {isa = PBXFileReference; lastKnownFileType = sourcecode.swift; path = GetGoodByIdResult.swift; sourceTree = "<group>"; };
		A497C829299D6F68003FD0F6 /* GetGoodsListTests.swift */ = {isa = PBXFileReference; lastKnownFileType = sourcecode.swift; path = GetGoodsListTests.swift; sourceTree = "<group>"; };
		A497C82B299D6F74003FD0F6 /* GetGoodTests.swift */ = {isa = PBXFileReference; lastKnownFileType = sourcecode.swift; path = GetGoodTests.swift; sourceTree = "<group>"; };
		A4A95D5D29A7A5BD009DC736 /* AddReviewResult.swift */ = {isa = PBXFileReference; lastKnownFileType = sourcecode.swift; path = AddReviewResult.swift; sourceTree = "<group>"; };
		A4A95D5F29A7AF16009DC736 /* RemoveReviewResult.swift */ = {isa = PBXFileReference; lastKnownFileType = sourcecode.swift; path = RemoveReviewResult.swift; sourceTree = "<group>"; };
		A4A95D6129A7AF45009DC736 /* ReviewListResult.swift */ = {isa = PBXFileReference; lastKnownFileType = sourcecode.swift; path = ReviewListResult.swift; sourceTree = "<group>"; };
		A4A95D6629A7D487009DC736 /* AddReviewRequestFactory.swift */ = {isa = PBXFileReference; lastKnownFileType = sourcecode.swift; path = AddReviewRequestFactory.swift; sourceTree = "<group>"; };
		A4A95D6829A7D4E7009DC736 /* AddReview.swift */ = {isa = PBXFileReference; lastKnownFileType = sourcecode.swift; path = AddReview.swift; sourceTree = "<group>"; };
		A4AF0F022992D7AD00882F7B /* OnlineShop.app */ = {isa = PBXFileReference; explicitFileType = wrapper.application; includeInIndex = 0; path = OnlineShop.app; sourceTree = BUILT_PRODUCTS_DIR; };
		A4AF0F052992D7AD00882F7B /* AppDelegate.swift */ = {isa = PBXFileReference; lastKnownFileType = sourcecode.swift; path = AppDelegate.swift; sourceTree = "<group>"; };
		A4AF0F072992D7AD00882F7B /* SceneDelegate.swift */ = {isa = PBXFileReference; lastKnownFileType = sourcecode.swift; path = SceneDelegate.swift; sourceTree = "<group>"; };
		A4AF0F0E2992D7AF00882F7B /* Assets.xcassets */ = {isa = PBXFileReference; lastKnownFileType = folder.assetcatalog; path = Assets.xcassets; sourceTree = "<group>"; };
		A4AF0F112992D7AF00882F7B /* Base */ = {isa = PBXFileReference; lastKnownFileType = file.storyboard; name = Base; path = Base.lproj/LaunchScreen.storyboard; sourceTree = "<group>"; };
		A4AF0F132992D7AF00882F7B /* Info.plist */ = {isa = PBXFileReference; lastKnownFileType = text.plist.xml; path = Info.plist; sourceTree = "<group>"; };
		A4AF0F182992D7AF00882F7B /* OnlineShopTests.xctest */ = {isa = PBXFileReference; explicitFileType = wrapper.cfbundle; includeInIndex = 0; path = OnlineShopTests.xctest; sourceTree = BUILT_PRODUCTS_DIR; };
		A4AF0F222992D7AF00882F7B /* OnlineShopUITests.xctest */ = {isa = PBXFileReference; explicitFileType = wrapper.cfbundle; includeInIndex = 0; path = OnlineShopUITests.xctest; sourceTree = BUILT_PRODUCTS_DIR; };
		A4AF0F262992D7AF00882F7B /* OnlineShopUITests.swift */ = {isa = PBXFileReference; lastKnownFileType = sourcecode.swift; path = OnlineShopUITests.swift; sourceTree = "<group>"; };
		A4AF0F282992D7AF00882F7B /* OnlineShopUITestsLaunchTests.swift */ = {isa = PBXFileReference; lastKnownFileType = sourcecode.swift; path = OnlineShopUITestsLaunchTests.swift; sourceTree = "<group>"; };
		A4B49F9229975A9E0072913C /* Deauth.swift */ = {isa = PBXFileReference; lastKnownFileType = sourcecode.swift; path = Deauth.swift; sourceTree = "<group>"; };
		A4B6D387299D417900BB156A /* AuthTests.swift */ = {isa = PBXFileReference; lastKnownFileType = sourcecode.swift; path = AuthTests.swift; sourceTree = "<group>"; };
		A4C0FCB82992E380006F02DF /* MainViewController.swift */ = {isa = PBXFileReference; lastKnownFileType = sourcecode.swift; path = MainViewController.swift; sourceTree = "<group>"; };
		A4E9E63F29979600007F9DFE /* RegRequestFactory.swift */ = {isa = PBXFileReference; lastKnownFileType = sourcecode.swift; path = RegRequestFactory.swift; sourceTree = "<group>"; };
		A4E9E64129979750007F9DFE /* RegisterUserResult.swift */ = {isa = PBXFileReference; lastKnownFileType = sourcecode.swift; path = RegisterUserResult.swift; sourceTree = "<group>"; };
		A4E9E643299797F7007F9DFE /* Reg.swift */ = {isa = PBXFileReference; lastKnownFileType = sourcecode.swift; path = Reg.swift; sourceTree = "<group>"; };
		A4E9E64629979F73007F9DFE /* EditProfileRequestFactory.swift */ = {isa = PBXFileReference; lastKnownFileType = sourcecode.swift; path = EditProfileRequestFactory.swift; sourceTree = "<group>"; };
		A4E9E6482997A07C007F9DFE /* ChangeUserDataResult.swift */ = {isa = PBXFileReference; lastKnownFileType = sourcecode.swift; path = ChangeUserDataResult.swift; sourceTree = "<group>"; };
		A4E9E64A2997A0CC007F9DFE /* EditProfile.swift */ = {isa = PBXFileReference; lastKnownFileType = sourcecode.swift; path = EditProfile.swift; sourceTree = "<group>"; };
		A4F675272996449300B0F5B7 /* AbstractErrorParser.swift */ = {isa = PBXFileReference; lastKnownFileType = sourcecode.swift; path = AbstractErrorParser.swift; sourceTree = "<group>"; };
		A4F675292996451700B0F5B7 /* ErrorParser.swift */ = {isa = PBXFileReference; lastKnownFileType = sourcecode.swift; path = ErrorParser.swift; sourceTree = "<group>"; };
		A4F6752B2996469D00B0F5B7 /* DataRequest.swift */ = {isa = PBXFileReference; lastKnownFileType = sourcecode.swift; path = DataRequest.swift; sourceTree = "<group>"; };
		A4F67530299651BC00B0F5B7 /* AbstractRequestFactory.swift */ = {isa = PBXFileReference; lastKnownFileType = sourcecode.swift; path = AbstractRequestFactory.swift; sourceTree = "<group>"; };
		A4F675322996681500B0F5B7 /* RequestRouter.swift */ = {isa = PBXFileReference; lastKnownFileType = sourcecode.swift; path = RequestRouter.swift; sourceTree = "<group>"; };
		A4F675342996703800B0F5B7 /* LoginResult.swift */ = {isa = PBXFileReference; lastKnownFileType = sourcecode.swift; path = LoginResult.swift; sourceTree = "<group>"; };
		A4F67539299672D300B0F5B7 /* AuthRequestFactory.swift */ = {isa = PBXFileReference; lastKnownFileType = sourcecode.swift; path = AuthRequestFactory.swift; sourceTree = "<group>"; };
		A4F6753B2996741800B0F5B7 /* Auth.swift */ = {isa = PBXFileReference; lastKnownFileType = sourcecode.swift; path = Auth.swift; sourceTree = "<group>"; };
		A4F6753D2996A84A00B0F5B7 /* RequestFactory.swift */ = {isa = PBXFileReference; lastKnownFileType = sourcecode.swift; path = RequestFactory.swift; sourceTree = "<group>"; };
		A4F675412996B7BA00B0F5B7 /* DeauthRequestFactory.swift */ = {isa = PBXFileReference; lastKnownFileType = sourcecode.swift; path = DeauthRequestFactory.swift; sourceTree = "<group>"; };
		A4F675432996B87E00B0F5B7 /* LogoutResult.swift */ = {isa = PBXFileReference; lastKnownFileType = sourcecode.swift; path = LogoutResult.swift; sourceTree = "<group>"; };
/* End PBXFileReference section */

/* Begin PBXFrameworksBuildPhase section */
		A4AF0EFF2992D7AD00882F7B /* Frameworks */ = {
			isa = PBXFrameworksBuildPhase;
			buildActionMask = 2147483647;
			files = (
				A4F6752F2996474900B0F5B7 /* Alamofire in Frameworks */,
			);
			runOnlyForDeploymentPostprocessing = 0;
		};
		A4AF0F152992D7AF00882F7B /* Frameworks */ = {
			isa = PBXFrameworksBuildPhase;
			buildActionMask = 2147483647;
			files = (
			);
			runOnlyForDeploymentPostprocessing = 0;
		};
		A4AF0F1F2992D7AF00882F7B /* Frameworks */ = {
			isa = PBXFrameworksBuildPhase;
			buildActionMask = 2147483647;
			files = (
			);
			runOnlyForDeploymentPostprocessing = 0;
		};
/* End PBXFrameworksBuildPhase section */

/* Begin PBXGroup section */
		A42B700E29AD113C00DB9AB6 /* Model */ = {
			isa = PBXGroup;
			children = (
				A42B700F29AD115700DB9AB6 /* ChangeUserDataModel.swift */,
				A42B701129AD129D00DB9AB6 /* RegisterUserModel.swift */,
			);
			path = Model;
			sourceTree = "<group>";
		};
		A42B701B29ADFF6300DB9AB6 /* AddToBasket */ = {
			isa = PBXGroup;
			children = (
				A42B701E29ADFF8F00DB9AB6 /* AddToBasketRequestFactory.swift */,
				A42B702029ADFFEB00DB9AB6 /* AddToBasket.swift */,
			);
			path = AddToBasket;
			sourceTree = "<group>";
		};
		A42B701C29ADFF6D00DB9AB6 /* DeleteFromBasket */ = {
			isa = PBXGroup;
			children = (
				A42B702229AE02A300DB9AB6 /* DeleteFromBasketRequestFactory.swift */,
				A42B702429AE03E800DB9AB6 /* DeleteFromBasket.swift */,
			);
			path = DeleteFromBasket;
			sourceTree = "<group>";
		};
		A42B701D29ADFF7700DB9AB6 /* PayBasket */ = {
			isa = PBXGroup;
			children = (
				A42B702629AE05A100DB9AB6 /* PayBasketRequestFactory.swift */,
				A42B702829AE063D00DB9AB6 /* PayBasket.swift */,
			);
			path = PayBasket;
			sourceTree = "<group>";
		};
		A497C81B299D601F003FD0F6 /* GetGoodsList */ = {
			isa = PBXGroup;
			children = (
				A497C81D299D6576003FD0F6 /* GetGoodsListRequestFactory.swift */,
				A497C821299D6734003FD0F6 /* GetGoodsList.swift */,
			);
			path = GetGoodsList;
			sourceTree = "<group>";
		};
		A497C81C299D6521003FD0F6 /* GetGood */ = {
			isa = PBXGroup;
			children = (
				A497C823299D6952003FD0F6 /* GetGoodRequestFactory.swift */,
				A497C825299D6963003FD0F6 /* GetGood.swift */,
			);
			path = GetGood;
			sourceTree = "<group>";
		};
		A4A95D6329A7D443009DC736 /* GetReviewList */ = {
			isa = PBXGroup;
			children = (
				A411424329A7DC6C00CB710F /* GetReviewListRequestFactory.swift */,
				A411424129A7DC5A00CB710F /* GetReviewList.swift */,
			);
			path = GetReviewList;
			sourceTree = "<group>";
		};
		A4A95D6429A7D451009DC736 /* AddReview */ = {
			isa = PBXGroup;
			children = (
				A4A95D6629A7D487009DC736 /* AddReviewRequestFactory.swift */,
				A4A95D6829A7D4E7009DC736 /* AddReview.swift */,
			);
			path = AddReview;
			sourceTree = "<group>";
		};
		A4A95D6529A7D466009DC736 /* RemoveReview */ = {
			isa = PBXGroup;
			children = (
				A411423B29A7D9F500CB710F /* RemoveReviewRequestFactory.swift */,
				A411423D29A7DA0200CB710F /* RemoveReview.swift */,
			);
			path = RemoveReview;
			sourceTree = "<group>";
		};
		A4AF0EF92992D7AD00882F7B = {
			isa = PBXGroup;
			children = (
				A4AF0F042992D7AD00882F7B /* OnlineShop */,
				A4AF0F1B2992D7AF00882F7B /* OnlineShopTests */,
				A4AF0F252992D7AF00882F7B /* OnlineShopUITests */,
				A4AF0F032992D7AD00882F7B /* Products */,
			);
			sourceTree = "<group>";
		};
		A4AF0F032992D7AD00882F7B /* Products */ = {
			isa = PBXGroup;
			children = (
				A4AF0F022992D7AD00882F7B /* OnlineShop.app */,
				A4AF0F182992D7AF00882F7B /* OnlineShopTests.xctest */,
				A4AF0F222992D7AF00882F7B /* OnlineShopUITests.xctest */,
			);
			name = Products;
			sourceTree = "<group>";
		};
		A4AF0F042992D7AD00882F7B /* OnlineShop */ = {
			isa = PBXGroup;
			children = (
				A4C0FCAF2992DA79006F02DF /* App */,
				A4C0FCB52992DAC8006F02DF /* Core */,
				A4C0FCB62992DAD3006F02DF /* Resources */,
				A4C0FCB72992DADA006F02DF /* Environments */,
			);
			path = OnlineShop;
			sourceTree = "<group>";
		};
		A4AF0F1B2992D7AF00882F7B /* OnlineShopTests */ = {
			isa = PBXGroup;
			children = (
				A44CF90C299B83D30096691B /* ResponseCodableTests.swift */,
				A4B6D387299D417900BB156A /* AuthTests.swift */,
				A497C815299D4A00003FD0F6 /* DeauthTests.swift */,
				A497C817299D4A0D003FD0F6 /* RegTests.swift */,
				A497C819299D4A1D003FD0F6 /* EditProfileTests.swift */,
				A497C829299D6F68003FD0F6 /* GetGoodsListTests.swift */,
				A497C82B299D6F74003FD0F6 /* GetGoodTests.swift */,
				A411423929A7D84F00CB710F /* AddReviewTests.swift */,
				A411423F29A7DB9900CB710F /* RemoveReviewTests.swift */,
				A411424529A7DE3600CB710F /* GetReviewListTests.swift */,
				A42B702A29AE082C00DB9AB6 /* AddToBasketTests.swift */,
				A42B702C29AE0B0200DB9AB6 /* DeleteFromBasketTests.swift */,
				A42B702E29AE0BB100DB9AB6 /* PayBasketTests.swift */,
			);
			path = OnlineShopTests;
			sourceTree = "<group>";
		};
		A4AF0F252992D7AF00882F7B /* OnlineShopUITests */ = {
			isa = PBXGroup;
			children = (
				A4AF0F262992D7AF00882F7B /* OnlineShopUITests.swift */,
				A4AF0F282992D7AF00882F7B /* OnlineShopUITestsLaunchTests.swift */,
			);
			path = OnlineShopUITests;
			sourceTree = "<group>";
		};
		A4C0FCAF2992DA79006F02DF /* App */ = {
			isa = PBXGroup;
			children = (
				A4AF0F052992D7AD00882F7B /* AppDelegate.swift */,
				A4AF0F072992D7AD00882F7B /* SceneDelegate.swift */,
				A4C0FCB02992DA84006F02DF /* BusinessLogic */,
				A4C0FCB12992DA8D006F02DF /* Entity */,
				A4C0FCB22992DA96006F02DF /* Assembly */,
				A4C0FCB32992DAA5006F02DF /* Flows */,
			);
			path = App;
			sourceTree = "<group>";
		};
		A4C0FCB02992DA84006F02DF /* BusinessLogic */ = {
			isa = PBXGroup;
			children = (
				A4F67538299672BD00B0F5B7 /* Network */,
			);
			path = BusinessLogic;
			sourceTree = "<group>";
		};
		A4C0FCB12992DA8D006F02DF /* Entity */ = {
			isa = PBXGroup;
			children = (
				A42B700E29AD113C00DB9AB6 /* Model */,
				A4F675342996703800B0F5B7 /* LoginResult.swift */,
				A4F675432996B87E00B0F5B7 /* LogoutResult.swift */,
				A4E9E64129979750007F9DFE /* RegisterUserResult.swift */,
				A4E9E6482997A07C007F9DFE /* ChangeUserDataResult.swift */,
				A497C81F299D663D003FD0F6 /* CatalogDataResult.swift */,
				A497C827299D6A14003FD0F6 /* GetGoodByIdResult.swift */,
				A4A95D5D29A7A5BD009DC736 /* AddReviewResult.swift */,
				A4A95D5F29A7AF16009DC736 /* RemoveReviewResult.swift */,
				A4A95D6129A7AF45009DC736 /* ReviewListResult.swift */,
				A42B701329ADFE2D00DB9AB6 /* Product.swift */,
				A42B701529ADFE5300DB9AB6 /* PayBasketResult.swift */,
				A42B701729ADFED900DB9AB6 /* AddToBasketResult.swift */,
				A42B701929ADFF1000DB9AB6 /* DeleteFromBasketResult.swift */,
			);
			path = Entity;
			sourceTree = "<group>";
		};
		A4C0FCB22992DA96006F02DF /* Assembly */ = {
			isa = PBXGroup;
			children = (
			);
			path = Assembly;
			sourceTree = "<group>";
		};
		A4C0FCB32992DAA5006F02DF /* Flows */ = {
			isa = PBXGroup;
			children = (
				A4C0FCB82992E380006F02DF /* MainViewController.swift */,
			);
			path = Flows;
			sourceTree = "<group>";
		};
		A4C0FCB52992DAC8006F02DF /* Core */ = {
			isa = PBXGroup;
			children = (
				A4F675262996447900B0F5B7 /* Network */,
			);
			path = Core;
			sourceTree = "<group>";
		};
		A4C0FCB62992DAD3006F02DF /* Resources */ = {
			isa = PBXGroup;
			children = (
				A4AF0F0E2992D7AF00882F7B /* Assets.xcassets */,
				A4AF0F102992D7AF00882F7B /* LaunchScreen.storyboard */,
			);
			path = Resources;
			sourceTree = "<group>";
		};
		A4C0FCB72992DADA006F02DF /* Environments */ = {
			isa = PBXGroup;
			children = (
				A4AF0F132992D7AF00882F7B /* Info.plist */,
			);
			path = Environments;
			sourceTree = "<group>";
		};
		A4E9E63E299795B6007F9DFE /* Reg */ = {
			isa = PBXGroup;
			children = (
				A4E9E63F29979600007F9DFE /* RegRequestFactory.swift */,
				A4E9E643299797F7007F9DFE /* Reg.swift */,
			);
			path = Reg;
			sourceTree = "<group>";
		};
		A4E9E64529979F5F007F9DFE /* EditProfile */ = {
			isa = PBXGroup;
			children = (
				A4E9E64629979F73007F9DFE /* EditProfileRequestFactory.swift */,
				A4E9E64A2997A0CC007F9DFE /* EditProfile.swift */,
			);
			path = EditProfile;
			sourceTree = "<group>";
		};
		A4F675262996447900B0F5B7 /* Network */ = {
			isa = PBXGroup;
			children = (
				A4F675272996449300B0F5B7 /* AbstractErrorParser.swift */,
				A4F675292996451700B0F5B7 /* ErrorParser.swift */,
				A4F6752B2996469D00B0F5B7 /* DataRequest.swift */,
				A4F67530299651BC00B0F5B7 /* AbstractRequestFactory.swift */,
				A4F675322996681500B0F5B7 /* RequestRouter.swift */,
			);
			path = Network;
			sourceTree = "<group>";
		};
		A4F67538299672BD00B0F5B7 /* Network */ = {
			isa = PBXGroup;
			children = (
				A42B701D29ADFF7700DB9AB6 /* PayBasket */,
				A42B701C29ADFF6D00DB9AB6 /* DeleteFromBasket */,
				A42B701B29ADFF6300DB9AB6 /* AddToBasket */,
				A4A95D6529A7D466009DC736 /* RemoveReview */,
				A4A95D6429A7D451009DC736 /* AddReview */,
				A4A95D6329A7D443009DC736 /* GetReviewList */,
				A497C81C299D6521003FD0F6 /* GetGood */,
				A497C81B299D601F003FD0F6 /* GetGoodsList */,
				A4E9E64529979F5F007F9DFE /* EditProfile */,
				A4E9E63E299795B6007F9DFE /* Reg */,
				A4F675402996B78F00B0F5B7 /* Deauth */,
				A4F6753F2996B0BF00B0F5B7 /* Auth */,
				A4F6753D2996A84A00B0F5B7 /* RequestFactory.swift */,
			);
			path = Network;
			sourceTree = "<group>";
		};
		A4F6753F2996B0BF00B0F5B7 /* Auth */ = {
			isa = PBXGroup;
			children = (
				A4F67539299672D300B0F5B7 /* AuthRequestFactory.swift */,
				A4F6753B2996741800B0F5B7 /* Auth.swift */,
			);
			path = Auth;
			sourceTree = "<group>";
		};
		A4F675402996B78F00B0F5B7 /* Deauth */ = {
			isa = PBXGroup;
			children = (
				A4F675412996B7BA00B0F5B7 /* DeauthRequestFactory.swift */,
				A4B49F9229975A9E0072913C /* Deauth.swift */,
			);
			path = Deauth;
			sourceTree = "<group>";
		};
/* End PBXGroup section */

/* Begin PBXNativeTarget section */
		A4AF0F012992D7AD00882F7B /* OnlineShop */ = {
			isa = PBXNativeTarget;
			buildConfigurationList = A4AF0F2C2992D7AF00882F7B /* Build configuration list for PBXNativeTarget "OnlineShop" */;
			buildPhases = (
				A4A95D5C29A74C06009DC736 /* Swiftlint */,
				A4AF0EFE2992D7AD00882F7B /* Sources */,
				A4AF0EFF2992D7AD00882F7B /* Frameworks */,
				A4AF0F002992D7AD00882F7B /* Resources */,
			);
			buildRules = (
			);
			dependencies = (
			);
			name = OnlineShop;
			packageProductDependencies = (
				A4F6752E2996474900B0F5B7 /* Alamofire */,
			);
			productName = GBShop;
			productReference = A4AF0F022992D7AD00882F7B /* OnlineShop.app */;
			productType = "com.apple.product-type.application";
		};
		A4AF0F172992D7AF00882F7B /* OnlineShopTests */ = {
			isa = PBXNativeTarget;
			buildConfigurationList = A4AF0F2F2992D7AF00882F7B /* Build configuration list for PBXNativeTarget "OnlineShopTests" */;
			buildPhases = (
				A4AF0F142992D7AF00882F7B /* Sources */,
				A4AF0F152992D7AF00882F7B /* Frameworks */,
				A4AF0F162992D7AF00882F7B /* Resources */,
			);
			buildRules = (
			);
			dependencies = (
				A4AF0F1A2992D7AF00882F7B /* PBXTargetDependency */,
			);
			name = OnlineShopTests;
			productName = GBShopTests;
			productReference = A4AF0F182992D7AF00882F7B /* OnlineShopTests.xctest */;
			productType = "com.apple.product-type.bundle.unit-test";
		};
		A4AF0F212992D7AF00882F7B /* OnlineShopUITests */ = {
			isa = PBXNativeTarget;
			buildConfigurationList = A4AF0F322992D7AF00882F7B /* Build configuration list for PBXNativeTarget "OnlineShopUITests" */;
			buildPhases = (
				A4AF0F1E2992D7AF00882F7B /* Sources */,
				A4AF0F1F2992D7AF00882F7B /* Frameworks */,
				A4AF0F202992D7AF00882F7B /* Resources */,
			);
			buildRules = (
			);
			dependencies = (
				A4AF0F242992D7AF00882F7B /* PBXTargetDependency */,
			);
			name = OnlineShopUITests;
			productName = GBShopUITests;
			productReference = A4AF0F222992D7AF00882F7B /* OnlineShopUITests.xctest */;
			productType = "com.apple.product-type.bundle.ui-testing";
		};
/* End PBXNativeTarget section */

/* Begin PBXProject section */
		A4AF0EFA2992D7AD00882F7B /* Project object */ = {
			isa = PBXProject;
			attributes = {
				BuildIndependentTargetsInParallel = 1;
				LastSwiftUpdateCheck = 1420;
				LastUpgradeCheck = 1420;
				TargetAttributes = {
					A4AF0F012992D7AD00882F7B = {
						CreatedOnToolsVersion = 14.2;
					};
					A4AF0F172992D7AF00882F7B = {
						CreatedOnToolsVersion = 14.2;
						TestTargetID = A4AF0F012992D7AD00882F7B;
					};
					A4AF0F212992D7AF00882F7B = {
						CreatedOnToolsVersion = 14.2;
						TestTargetID = A4AF0F012992D7AD00882F7B;
					};
				};
			};
			buildConfigurationList = A4AF0EFD2992D7AD00882F7B /* Build configuration list for PBXProject "OnlineShop" */;
			compatibilityVersion = "Xcode 14.0";
			developmentRegion = en;
			hasScannedForEncodings = 0;
			knownRegions = (
				en,
				Base,
			);
			mainGroup = A4AF0EF92992D7AD00882F7B;
			packageReferences = (
				A4F6752D2996474900B0F5B7 /* XCRemoteSwiftPackageReference "Alamofire" */,
			);
			productRefGroup = A4AF0F032992D7AD00882F7B /* Products */;
			projectDirPath = "";
			projectRoot = "";
			targets = (
				A4AF0F012992D7AD00882F7B /* OnlineShop */,
				A4AF0F172992D7AF00882F7B /* OnlineShopTests */,
				A4AF0F212992D7AF00882F7B /* OnlineShopUITests */,
			);
		};
/* End PBXProject section */

/* Begin PBXResourcesBuildPhase section */
		A4AF0F002992D7AD00882F7B /* Resources */ = {
			isa = PBXResourcesBuildPhase;
			buildActionMask = 2147483647;
			files = (
				A4AF0F122992D7AF00882F7B /* LaunchScreen.storyboard in Resources */,
				A4AF0F0F2992D7AF00882F7B /* Assets.xcassets in Resources */,
			);
			runOnlyForDeploymentPostprocessing = 0;
		};
		A4AF0F162992D7AF00882F7B /* Resources */ = {
			isa = PBXResourcesBuildPhase;
			buildActionMask = 2147483647;
			files = (
			);
			runOnlyForDeploymentPostprocessing = 0;
		};
		A4AF0F202992D7AF00882F7B /* Resources */ = {
			isa = PBXResourcesBuildPhase;
			buildActionMask = 2147483647;
			files = (
			);
			runOnlyForDeploymentPostprocessing = 0;
		};
/* End PBXResourcesBuildPhase section */

/* Begin PBXShellScriptBuildPhase section */
		A4A95D5C29A74C06009DC736 /* Swiftlint */ = {
			isa = PBXShellScriptBuildPhase;
			alwaysOutOfDate = 1;
			buildActionMask = 2147483647;
			files = (
			);
			inputFileListPaths = (
			);
			inputPaths = (
			);
			name = Swiftlint;
			outputFileListPaths = (
			);
			outputPaths = (
			);
			runOnlyForDeploymentPostprocessing = 0;
			shellPath = /bin/sh;
			shellScript = "PATH=/opt/homebrew/bin:$PATH\nif [ -f ~/com.raywenderlich.swiftlint.yml ]; then\n  if which swiftlint >/dev/null; then\n    swiftlint --no-cache --config ~/com.raywenderlich.swiftlint.yml\n  fi\nfi\n";
		};
/* End PBXShellScriptBuildPhase section */

/* Begin PBXSourcesBuildPhase section */
		A4AF0EFE2992D7AD00882F7B /* Sources */ = {
			isa = PBXSourcesBuildPhase;
			buildActionMask = 2147483647;
			files = (
				A497C826299D6963003FD0F6 /* GetGood.swift in Sources */,
				A497C824299D6952003FD0F6 /* GetGoodRequestFactory.swift in Sources */,
				A4F6753A299672D300B0F5B7 /* AuthRequestFactory.swift in Sources */,
				A42B702329AE02A300DB9AB6 /* DeleteFromBasketRequestFactory.swift in Sources */,
				A42B701829ADFED900DB9AB6 /* AddToBasketResult.swift in Sources */,
				A4F675332996681500B0F5B7 /* RequestRouter.swift in Sources */,
				A4B49F9329975A9E0072913C /* Deauth.swift in Sources */,
				A42B701229AD129D00DB9AB6 /* RegisterUserModel.swift in Sources */,
				A4A95D6929A7D4E7009DC736 /* AddReview.swift in Sources */,
				A42B701F29ADFF8F00DB9AB6 /* AddToBasketRequestFactory.swift in Sources */,
				A4F675422996B7BA00B0F5B7 /* DeauthRequestFactory.swift in Sources */,
				A4A95D5E29A7A5BD009DC736 /* AddReviewResult.swift in Sources */,
				A4F675442996B87E00B0F5B7 /* LogoutResult.swift in Sources */,
				A4E9E64029979600007F9DFE /* RegRequestFactory.swift in Sources */,
				A42B702929AE063D00DB9AB6 /* PayBasket.swift in Sources */,
				A497C820299D663E003FD0F6 /* CatalogDataResult.swift in Sources */,
				A4F67531299651BC00B0F5B7 /* AbstractRequestFactory.swift in Sources */,
				A42B701029AD115700DB9AB6 /* ChangeUserDataModel.swift in Sources */,
				A4F6753E2996A84A00B0F5B7 /* RequestFactory.swift in Sources */,
				A4F6752A2996451700B0F5B7 /* ErrorParser.swift in Sources */,
				A4C0FCB92992E380006F02DF /* MainViewController.swift in Sources */,
				A4E9E64729979F73007F9DFE /* EditProfileRequestFactory.swift in Sources */,
				A4A95D6729A7D487009DC736 /* AddReviewRequestFactory.swift in Sources */,
				A42B701629ADFE5300DB9AB6 /* PayBasketResult.swift in Sources */,
				A411423E29A7DA0200CB710F /* RemoveReview.swift in Sources */,
				A497C822299D6734003FD0F6 /* GetGoodsList.swift in Sources */,
				A4AF0F062992D7AD00882F7B /* AppDelegate.swift in Sources */,
				A4E9E6492997A07C007F9DFE /* ChangeUserDataResult.swift in Sources */,
				A411424229A7DC5A00CB710F /* GetReviewList.swift in Sources */,
				A4F6752C2996469D00B0F5B7 /* DataRequest.swift in Sources */,
				A4F675352996703800B0F5B7 /* LoginResult.swift in Sources */,
				A4A95D6229A7AF45009DC736 /* ReviewListResult.swift in Sources */,
				A497C81E299D6576003FD0F6 /* GetGoodsListRequestFactory.swift in Sources */,
				A42B702529AE03E800DB9AB6 /* DeleteFromBasket.swift in Sources */,
				A4AF0F082992D7AD00882F7B /* SceneDelegate.swift in Sources */,
				A42B702729AE05A100DB9AB6 /* PayBasketRequestFactory.swift in Sources */,
				A4E9E644299797F7007F9DFE /* Reg.swift in Sources */,
				A497C828299D6A14003FD0F6 /* GetGoodByIdResult.swift in Sources */,
				A4F675282996449300B0F5B7 /* AbstractErrorParser.swift in Sources */,
				A4E9E64229979750007F9DFE /* RegisterUserResult.swift in Sources */,
				A4F6753C2996741800B0F5B7 /* Auth.swift in Sources */,
				A411423C29A7D9F500CB710F /* RemoveReviewRequestFactory.swift in Sources */,
				A42B702129ADFFEB00DB9AB6 /* AddToBasket.swift in Sources */,
				A42B701A29ADFF1000DB9AB6 /* DeleteFromBasketResult.swift in Sources */,
				A411424429A7DC6C00CB710F /* GetReviewListRequestFactory.swift in Sources */,
				A4E9E64B2997A0CC007F9DFE /* EditProfile.swift in Sources */,
				A4A95D6029A7AF16009DC736 /* RemoveReviewResult.swift in Sources */,
				A42B701429ADFE2D00DB9AB6 /* Product.swift in Sources */,
			);
			runOnlyForDeploymentPostprocessing = 0;
		};
		A4AF0F142992D7AF00882F7B /* Sources */ = {
			isa = PBXSourcesBuildPhase;
			buildActionMask = 2147483647;
			files = (
				A497C81A299D4A1D003FD0F6 /* EditProfileTests.swift in Sources */,
				A4B6D388299D417900BB156A /* AuthTests.swift in Sources */,
				A42B702D29AE0B0200DB9AB6 /* DeleteFromBasketTests.swift in Sources */,
				A44CF90D299B83D30096691B /* ResponseCodableTests.swift in Sources */,
				A42B702F29AE0BB100DB9AB6 /* PayBasketTests.swift in Sources */,
				A497C82A299D6F68003FD0F6 /* GetGoodsListTests.swift in Sources */,
				A497C82C299D6F74003FD0F6 /* GetGoodTests.swift in Sources */,
				A411423A29A7D84F00CB710F /* AddReviewTests.swift in Sources */,
				A411424629A7DE3600CB710F /* GetReviewListTests.swift in Sources */,
				A497C818299D4A0D003FD0F6 /* RegTests.swift in Sources */,
				A42B702B29AE082D00DB9AB6 /* AddToBasketTests.swift in Sources */,
				A497C816299D4A00003FD0F6 /* DeauthTests.swift in Sources */,
				A411424029A7DB9900CB710F /* RemoveReviewTests.swift in Sources */,
			);
			runOnlyForDeploymentPostprocessing = 0;
		};
		A4AF0F1E2992D7AF00882F7B /* Sources */ = {
			isa = PBXSourcesBuildPhase;
			buildActionMask = 2147483647;
			files = (
				A4AF0F272992D7AF00882F7B /* OnlineShopUITests.swift in Sources */,
				A4AF0F292992D7AF00882F7B /* OnlineShopUITestsLaunchTests.swift in Sources */,
			);
			runOnlyForDeploymentPostprocessing = 0;
		};
/* End PBXSourcesBuildPhase section */

/* Begin PBXTargetDependency section */
		A4AF0F1A2992D7AF00882F7B /* PBXTargetDependency */ = {
			isa = PBXTargetDependency;
			target = A4AF0F012992D7AD00882F7B /* OnlineShop */;
			targetProxy = A4AF0F192992D7AF00882F7B /* PBXContainerItemProxy */;
		};
		A4AF0F242992D7AF00882F7B /* PBXTargetDependency */ = {
			isa = PBXTargetDependency;
			target = A4AF0F012992D7AD00882F7B /* OnlineShop */;
			targetProxy = A4AF0F232992D7AF00882F7B /* PBXContainerItemProxy */;
		};
/* End PBXTargetDependency section */

/* Begin PBXVariantGroup section */
		A4AF0F102992D7AF00882F7B /* LaunchScreen.storyboard */ = {
			isa = PBXVariantGroup;
			children = (
				A4AF0F112992D7AF00882F7B /* Base */,
			);
			name = LaunchScreen.storyboard;
			sourceTree = "<group>";
		};
/* End PBXVariantGroup section */

/* Begin XCBuildConfiguration section */
		A4AF0F2A2992D7AF00882F7B /* Debug */ = {
			isa = XCBuildConfiguration;
			buildSettings = {
				ALWAYS_SEARCH_USER_PATHS = NO;
				CLANG_ANALYZER_NONNULL = YES;
				CLANG_ANALYZER_NUMBER_OBJECT_CONVERSION = YES_AGGRESSIVE;
				CLANG_CXX_LANGUAGE_STANDARD = "gnu++20";
				CLANG_ENABLE_MODULES = YES;
				CLANG_ENABLE_OBJC_ARC = YES;
				CLANG_ENABLE_OBJC_WEAK = YES;
				CLANG_WARN_BLOCK_CAPTURE_AUTORELEASING = YES;
				CLANG_WARN_BOOL_CONVERSION = YES;
				CLANG_WARN_COMMA = YES;
				CLANG_WARN_CONSTANT_CONVERSION = YES;
				CLANG_WARN_DEPRECATED_OBJC_IMPLEMENTATIONS = YES;
				CLANG_WARN_DIRECT_OBJC_ISA_USAGE = YES_ERROR;
				CLANG_WARN_DOCUMENTATION_COMMENTS = YES;
				CLANG_WARN_EMPTY_BODY = YES;
				CLANG_WARN_ENUM_CONVERSION = YES;
				CLANG_WARN_INFINITE_RECURSION = YES;
				CLANG_WARN_INT_CONVERSION = YES;
				CLANG_WARN_NON_LITERAL_NULL_CONVERSION = YES;
				CLANG_WARN_OBJC_IMPLICIT_RETAIN_SELF = YES;
				CLANG_WARN_OBJC_LITERAL_CONVERSION = YES;
				CLANG_WARN_OBJC_ROOT_CLASS = YES_ERROR;
				CLANG_WARN_QUOTED_INCLUDE_IN_FRAMEWORK_HEADER = YES;
				CLANG_WARN_RANGE_LOOP_ANALYSIS = YES;
				CLANG_WARN_STRICT_PROTOTYPES = YES;
				CLANG_WARN_SUSPICIOUS_MOVE = YES;
				CLANG_WARN_UNGUARDED_AVAILABILITY = YES_AGGRESSIVE;
				CLANG_WARN_UNREACHABLE_CODE = YES;
				CLANG_WARN__DUPLICATE_METHOD_MATCH = YES;
				COPY_PHASE_STRIP = NO;
				DEBUG_INFORMATION_FORMAT = dwarf;
				ENABLE_STRICT_OBJC_MSGSEND = YES;
				ENABLE_TESTABILITY = YES;
				GCC_C_LANGUAGE_STANDARD = gnu11;
				GCC_DYNAMIC_NO_PIC = NO;
				GCC_NO_COMMON_BLOCKS = YES;
				GCC_OPTIMIZATION_LEVEL = 0;
				GCC_PREPROCESSOR_DEFINITIONS = (
					"DEBUG=1",
					"$(inherited)",
				);
				GCC_WARN_64_TO_32_BIT_CONVERSION = YES;
				GCC_WARN_ABOUT_RETURN_TYPE = YES_ERROR;
				GCC_WARN_UNDECLARED_SELECTOR = YES;
				GCC_WARN_UNINITIALIZED_AUTOS = YES_AGGRESSIVE;
				GCC_WARN_UNUSED_FUNCTION = YES;
				GCC_WARN_UNUSED_VARIABLE = YES;
				IPHONEOS_DEPLOYMENT_TARGET = 16.2;
				MTL_ENABLE_DEBUG_INFO = INCLUDE_SOURCE;
				MTL_FAST_MATH = YES;
				ONLY_ACTIVE_ARCH = YES;
				SDKROOT = iphoneos;
				SWIFT_ACTIVE_COMPILATION_CONDITIONS = DEBUG;
				SWIFT_OPTIMIZATION_LEVEL = "-Onone";
			};
			name = Debug;
		};
		A4AF0F2B2992D7AF00882F7B /* Release */ = {
			isa = XCBuildConfiguration;
			buildSettings = {
				ALWAYS_SEARCH_USER_PATHS = NO;
				CLANG_ANALYZER_NONNULL = YES;
				CLANG_ANALYZER_NUMBER_OBJECT_CONVERSION = YES_AGGRESSIVE;
				CLANG_CXX_LANGUAGE_STANDARD = "gnu++20";
				CLANG_ENABLE_MODULES = YES;
				CLANG_ENABLE_OBJC_ARC = YES;
				CLANG_ENABLE_OBJC_WEAK = YES;
				CLANG_WARN_BLOCK_CAPTURE_AUTORELEASING = YES;
				CLANG_WARN_BOOL_CONVERSION = YES;
				CLANG_WARN_COMMA = YES;
				CLANG_WARN_CONSTANT_CONVERSION = YES;
				CLANG_WARN_DEPRECATED_OBJC_IMPLEMENTATIONS = YES;
				CLANG_WARN_DIRECT_OBJC_ISA_USAGE = YES_ERROR;
				CLANG_WARN_DOCUMENTATION_COMMENTS = YES;
				CLANG_WARN_EMPTY_BODY = YES;
				CLANG_WARN_ENUM_CONVERSION = YES;
				CLANG_WARN_INFINITE_RECURSION = YES;
				CLANG_WARN_INT_CONVERSION = YES;
				CLANG_WARN_NON_LITERAL_NULL_CONVERSION = YES;
				CLANG_WARN_OBJC_IMPLICIT_RETAIN_SELF = YES;
				CLANG_WARN_OBJC_LITERAL_CONVERSION = YES;
				CLANG_WARN_OBJC_ROOT_CLASS = YES_ERROR;
				CLANG_WARN_QUOTED_INCLUDE_IN_FRAMEWORK_HEADER = YES;
				CLANG_WARN_RANGE_LOOP_ANALYSIS = YES;
				CLANG_WARN_STRICT_PROTOTYPES = YES;
				CLANG_WARN_SUSPICIOUS_MOVE = YES;
				CLANG_WARN_UNGUARDED_AVAILABILITY = YES_AGGRESSIVE;
				CLANG_WARN_UNREACHABLE_CODE = YES;
				CLANG_WARN__DUPLICATE_METHOD_MATCH = YES;
				COPY_PHASE_STRIP = NO;
				DEBUG_INFORMATION_FORMAT = "dwarf-with-dsym";
				ENABLE_NS_ASSERTIONS = NO;
				ENABLE_STRICT_OBJC_MSGSEND = YES;
				GCC_C_LANGUAGE_STANDARD = gnu11;
				GCC_NO_COMMON_BLOCKS = YES;
				GCC_WARN_64_TO_32_BIT_CONVERSION = YES;
				GCC_WARN_ABOUT_RETURN_TYPE = YES_ERROR;
				GCC_WARN_UNDECLARED_SELECTOR = YES;
				GCC_WARN_UNINITIALIZED_AUTOS = YES_AGGRESSIVE;
				GCC_WARN_UNUSED_FUNCTION = YES;
				GCC_WARN_UNUSED_VARIABLE = YES;
				IPHONEOS_DEPLOYMENT_TARGET = 16.2;
				MTL_ENABLE_DEBUG_INFO = NO;
				MTL_FAST_MATH = YES;
				SDKROOT = iphoneos;
				SWIFT_COMPILATION_MODE = wholemodule;
				SWIFT_OPTIMIZATION_LEVEL = "-O";
				VALIDATE_PRODUCT = YES;
			};
			name = Release;
		};
		A4AF0F2D2992D7AF00882F7B /* Debug */ = {
			isa = XCBuildConfiguration;
			buildSettings = {
				ASSETCATALOG_COMPILER_APPICON_NAME = AppIcon;
				ASSETCATALOG_COMPILER_GLOBAL_ACCENT_COLOR_NAME = AccentColor;
				CODE_SIGN_STYLE = Automatic;
				CURRENT_PROJECT_VERSION = 1;
				DEVELOPMENT_TEAM = 6MAW84PZ8M;
				GENERATE_INFOPLIST_FILE = YES;
				INFOPLIST_FILE = OnlineShop/Environments/Info.plist;
				INFOPLIST_KEY_UIApplicationSupportsIndirectInputEvents = YES;
				INFOPLIST_KEY_UILaunchStoryboardName = LaunchScreen;
				INFOPLIST_KEY_UISupportedInterfaceOrientations_iPad = "UIInterfaceOrientationPortrait UIInterfaceOrientationPortraitUpsideDown UIInterfaceOrientationLandscapeLeft UIInterfaceOrientationLandscapeRight";
				INFOPLIST_KEY_UISupportedInterfaceOrientations_iPhone = "UIInterfaceOrientationPortrait UIInterfaceOrientationLandscapeLeft UIInterfaceOrientationLandscapeRight";
				LD_RUNPATH_SEARCH_PATHS = (
					"$(inherited)",
					"@executable_path/Frameworks",
				);
				MARKETING_VERSION = 1.0;
				PRODUCT_BUNDLE_IDENTIFIER = my.5vi5t.OnlineShop;
				PRODUCT_NAME = "$(TARGET_NAME)";
				SWIFT_EMIT_LOC_STRINGS = YES;
				SWIFT_VERSION = 5.0;
				TARGETED_DEVICE_FAMILY = "1,2";
			};
			name = Debug;
		};
		A4AF0F2E2992D7AF00882F7B /* Release */ = {
			isa = XCBuildConfiguration;
			buildSettings = {
				ASSETCATALOG_COMPILER_APPICON_NAME = AppIcon;
				ASSETCATALOG_COMPILER_GLOBAL_ACCENT_COLOR_NAME = AccentColor;
				CODE_SIGN_STYLE = Automatic;
				CURRENT_PROJECT_VERSION = 1;
				DEVELOPMENT_TEAM = 6MAW84PZ8M;
				GENERATE_INFOPLIST_FILE = YES;
				INFOPLIST_FILE = OnlineShop/Environments/Info.plist;
				INFOPLIST_KEY_UIApplicationSupportsIndirectInputEvents = YES;
				INFOPLIST_KEY_UILaunchStoryboardName = LaunchScreen;
				INFOPLIST_KEY_UISupportedInterfaceOrientations_iPad = "UIInterfaceOrientationPortrait UIInterfaceOrientationPortraitUpsideDown UIInterfaceOrientationLandscapeLeft UIInterfaceOrientationLandscapeRight";
				INFOPLIST_KEY_UISupportedInterfaceOrientations_iPhone = "UIInterfaceOrientationPortrait UIInterfaceOrientationLandscapeLeft UIInterfaceOrientationLandscapeRight";
				LD_RUNPATH_SEARCH_PATHS = (
					"$(inherited)",
					"@executable_path/Frameworks",
				);
				MARKETING_VERSION = 1.0;
				PRODUCT_BUNDLE_IDENTIFIER = my.5vi5t.OnlineShop;
				PRODUCT_NAME = "$(TARGET_NAME)";
				SWIFT_EMIT_LOC_STRINGS = YES;
				SWIFT_VERSION = 5.0;
				TARGETED_DEVICE_FAMILY = "1,2";
			};
			name = Release;
		};
		A4AF0F302992D7AF00882F7B /* Debug */ = {
			isa = XCBuildConfiguration;
			buildSettings = {
				ALWAYS_EMBED_SWIFT_STANDARD_LIBRARIES = YES;
				BUNDLE_LOADER = "$(TEST_HOST)";
				CODE_SIGN_STYLE = Automatic;
				CURRENT_PROJECT_VERSION = 1;
				DEVELOPMENT_TEAM = 6MAW84PZ8M;
				GENERATE_INFOPLIST_FILE = YES;
				IPHONEOS_DEPLOYMENT_TARGET = 16.2;
				MARKETING_VERSION = 1.0;
				PRODUCT_BUNDLE_IDENTIFIER = my.5vi5t.OnlineShopTests;
				PRODUCT_NAME = "$(TARGET_NAME)";
				SWIFT_EMIT_LOC_STRINGS = NO;
				SWIFT_VERSION = 5.0;
				TARGETED_DEVICE_FAMILY = "1,2";
				TEST_HOST = "$(BUILT_PRODUCTS_DIR)/OnlineShop.app/$(BUNDLE_EXECUTABLE_FOLDER_PATH)/OnlineShop";
			};
			name = Debug;
		};
		A4AF0F312992D7AF00882F7B /* Release */ = {
			isa = XCBuildConfiguration;
			buildSettings = {
				ALWAYS_EMBED_SWIFT_STANDARD_LIBRARIES = YES;
				BUNDLE_LOADER = "$(TEST_HOST)";
				CODE_SIGN_STYLE = Automatic;
				CURRENT_PROJECT_VERSION = 1;
				DEVELOPMENT_TEAM = 6MAW84PZ8M;
				GENERATE_INFOPLIST_FILE = YES;
				IPHONEOS_DEPLOYMENT_TARGET = 16.2;
				MARKETING_VERSION = 1.0;
				PRODUCT_BUNDLE_IDENTIFIER = my.5vi5t.OnlineShopTests;
				PRODUCT_NAME = "$(TARGET_NAME)";
				SWIFT_EMIT_LOC_STRINGS = NO;
				SWIFT_VERSION = 5.0;
				TARGETED_DEVICE_FAMILY = "1,2";
				TEST_HOST = "$(BUILT_PRODUCTS_DIR)/OnlineShop.app/$(BUNDLE_EXECUTABLE_FOLDER_PATH)/OnlineShop";
			};
			name = Release;
		};
		A4AF0F332992D7AF00882F7B /* Debug */ = {
			isa = XCBuildConfiguration;
			buildSettings = {
				ALWAYS_EMBED_SWIFT_STANDARD_LIBRARIES = YES;
				CODE_SIGN_STYLE = Automatic;
				CURRENT_PROJECT_VERSION = 1;
				DEVELOPMENT_TEAM = 6MAW84PZ8M;
				GENERATE_INFOPLIST_FILE = YES;
				MARKETING_VERSION = 1.0;
				PRODUCT_BUNDLE_IDENTIFIER = my.5vi5t.OnlineShopUITests;
				PRODUCT_NAME = "$(TARGET_NAME)";
				SWIFT_EMIT_LOC_STRINGS = NO;
				SWIFT_VERSION = 5.0;
				TARGETED_DEVICE_FAMILY = "1,2";
				TEST_TARGET_NAME = OnlineShop;
			};
			name = Debug;
		};
		A4AF0F342992D7AF00882F7B /* Release */ = {
			isa = XCBuildConfiguration;
			buildSettings = {
				ALWAYS_EMBED_SWIFT_STANDARD_LIBRARIES = YES;
				CODE_SIGN_STYLE = Automatic;
				CURRENT_PROJECT_VERSION = 1;
				DEVELOPMENT_TEAM = 6MAW84PZ8M;
				GENERATE_INFOPLIST_FILE = YES;
				MARKETING_VERSION = 1.0;
				PRODUCT_BUNDLE_IDENTIFIER = my.5vi5t.OnlineShopUITests;
				PRODUCT_NAME = "$(TARGET_NAME)";
				SWIFT_EMIT_LOC_STRINGS = NO;
				SWIFT_VERSION = 5.0;
				TARGETED_DEVICE_FAMILY = "1,2";
				TEST_TARGET_NAME = OnlineShop;
			};
			name = Release;
		};
/* End XCBuildConfiguration section */

/* Begin XCConfigurationList section */
		A4AF0EFD2992D7AD00882F7B /* Build configuration list for PBXProject "OnlineShop" */ = {
			isa = XCConfigurationList;
			buildConfigurations = (
				A4AF0F2A2992D7AF00882F7B /* Debug */,
				A4AF0F2B2992D7AF00882F7B /* Release */,
			);
			defaultConfigurationIsVisible = 0;
			defaultConfigurationName = Release;
		};
		A4AF0F2C2992D7AF00882F7B /* Build configuration list for PBXNativeTarget "OnlineShop" */ = {
			isa = XCConfigurationList;
			buildConfigurations = (
				A4AF0F2D2992D7AF00882F7B /* Debug */,
				A4AF0F2E2992D7AF00882F7B /* Release */,
			);
			defaultConfigurationIsVisible = 0;
			defaultConfigurationName = Release;
		};
		A4AF0F2F2992D7AF00882F7B /* Build configuration list for PBXNativeTarget "OnlineShopTests" */ = {
			isa = XCConfigurationList;
			buildConfigurations = (
				A4AF0F302992D7AF00882F7B /* Debug */,
				A4AF0F312992D7AF00882F7B /* Release */,
			);
			defaultConfigurationIsVisible = 0;
			defaultConfigurationName = Release;
		};
		A4AF0F322992D7AF00882F7B /* Build configuration list for PBXNativeTarget "OnlineShopUITests" */ = {
			isa = XCConfigurationList;
			buildConfigurations = (
				A4AF0F332992D7AF00882F7B /* Debug */,
				A4AF0F342992D7AF00882F7B /* Release */,
			);
			defaultConfigurationIsVisible = 0;
			defaultConfigurationName = Release;
		};
/* End XCConfigurationList section */

/* Begin XCRemoteSwiftPackageReference section */
		A4F6752D2996474900B0F5B7 /* XCRemoteSwiftPackageReference "Alamofire" */ = {
			isa = XCRemoteSwiftPackageReference;
			repositoryURL = "https://github.com/Alamofire/Alamofire";
			requirement = {
				kind = exactVersion;
				version = 5.6.4;
			};
		};
/* End XCRemoteSwiftPackageReference section */

/* Begin XCSwiftPackageProductDependency section */
		A4F6752E2996474900B0F5B7 /* Alamofire */ = {
			isa = XCSwiftPackageProductDependency;
			package = A4F6752D2996474900B0F5B7 /* XCRemoteSwiftPackageReference "Alamofire" */;
			productName = Alamofire;
		};
/* End XCSwiftPackageProductDependency section */
	};
	rootObject = A4AF0EFA2992D7AD00882F7B /* Project object */;
}
